{
  "name": "api-lambda-crud-dynamodb",
  "version": "1.0.0",
  "lockfileVersion": 1,
  "requires": true,
  "dependencies": {
    "@aws-cdk/assets": {
      "version": "1.49.0",
      "resolved": "https://registry.npmjs.org/@aws-cdk/assets/-/assets-1.49.0.tgz",
      "integrity": "sha512-KS1du6MB1jpS6x8oRIZTcFpqY6ch60nAtJfm5wlrEt9nZ1cpUYaTJpAt9/yY5smyZfaVNJqPvll4aI9sil05Xw==",
      "requires": {
        "@aws-cdk/core": "1.49.0",
        "@aws-cdk/cx-api": "1.49.0",
        "constructs": "^3.0.2"
      }
    },
    "@aws-cdk/aws-apigateway": {
      "version": "1.49.0",
      "resolved": "https://registry.npmjs.org/@aws-cdk/aws-apigateway/-/aws-apigateway-1.49.0.tgz",
      "integrity": "sha512-WdeBASU2/Bjpw6c65F9LbCXEntvUwYB+2JMvP0oMU70QilPZBpcO+Wu27prewdB8xxUcxxA7frNH9IQE/uSpKQ==",
      "requires": {
        "@aws-cdk/assets": "1.49.0",
        "@aws-cdk/aws-certificatemanager": "1.49.0",
        "@aws-cdk/aws-ec2": "1.49.0",
        "@aws-cdk/aws-elasticloadbalancingv2": "1.49.0",
        "@aws-cdk/aws-iam": "1.49.0",
        "@aws-cdk/aws-lambda": "1.49.0",
        "@aws-cdk/aws-logs": "1.49.0",
        "@aws-cdk/aws-s3": "1.49.0",
        "@aws-cdk/aws-s3-assets": "1.49.0",
        "@aws-cdk/core": "1.49.0",
        "@aws-cdk/cx-api": "1.49.0",
        "constructs": "^3.0.2"
      }
    },
    "@aws-cdk/aws-applicationautoscaling": {
      "version": "1.49.0",
      "resolved": "https://registry.npmjs.org/@aws-cdk/aws-applicationautoscaling/-/aws-applicationautoscaling-1.49.0.tgz",
      "integrity": "sha512-bYyvP0za/flyqj1IEEnidwWnVfLPGSwahvOnw5zH7TWaI6SKvUiRJPiEUBWY3XHi4foLb9C2KV/nKHlb85gB4A==",
      "requires": {
        "@aws-cdk/aws-autoscaling-common": "1.49.0",
        "@aws-cdk/aws-cloudwatch": "1.49.0",
        "@aws-cdk/aws-iam": "1.49.0",
        "@aws-cdk/core": "1.49.0",
        "constructs": "^3.0.2"
      }
    },
    "@aws-cdk/aws-autoscaling-common": {
      "version": "1.49.0",
      "resolved": "https://registry.npmjs.org/@aws-cdk/aws-autoscaling-common/-/aws-autoscaling-common-1.49.0.tgz",
      "integrity": "sha512-zHUoRxRVoZzGOhPMaof2OAC6JDtVZuGJwveL6WJlPo37Gn1vIV6kx1KQdGCpU4FPhNnAwcX4L/I1Zas62LEvqg==",
      "requires": {
        "@aws-cdk/aws-iam": "1.49.0",
        "@aws-cdk/core": "1.49.0",
        "constructs": "^3.0.2"
      }
    },
    "@aws-cdk/aws-certificatemanager": {
      "version": "1.49.0",
      "resolved": "https://registry.npmjs.org/@aws-cdk/aws-certificatemanager/-/aws-certificatemanager-1.49.0.tgz",
      "integrity": "sha512-OiNPHVRmea0Ub0mhdbVbjzi6uue7F3XhhtDFlo2agtGKNalg0Jk3XOW3jGzr5Z5NJdAcB3Qs2u8rrg8g1ALdkg==",
      "requires": {
        "@aws-cdk/aws-iam": "1.49.0",
        "@aws-cdk/aws-lambda": "1.49.0",
        "@aws-cdk/aws-route53": "1.49.0",
        "@aws-cdk/core": "1.49.0",
        "constructs": "^3.0.2"
      }
    },
    "@aws-cdk/aws-cloudformation": {
      "version": "1.49.0",
      "resolved": "https://registry.npmjs.org/@aws-cdk/aws-cloudformation/-/aws-cloudformation-1.49.0.tgz",
      "integrity": "sha512-NdThYTHbomwkExpURm4wdKFQYvUZQzy4FNcc4IqI2JS6YePEP2BdXOMsBw1gm7PFwa6sdMmyvtglXjsztDeGSw==",
      "requires": {
        "@aws-cdk/aws-iam": "1.49.0",
        "@aws-cdk/aws-lambda": "1.49.0",
        "@aws-cdk/aws-s3": "1.49.0",
        "@aws-cdk/aws-sns": "1.49.0",
        "@aws-cdk/core": "1.49.0",
        "@aws-cdk/cx-api": "1.49.0",
        "constructs": "^3.0.2"
      }
    },
    "@aws-cdk/aws-cloudwatch": {
      "version": "1.49.0",
      "resolved": "https://registry.npmjs.org/@aws-cdk/aws-cloudwatch/-/aws-cloudwatch-1.49.0.tgz",
      "integrity": "sha512-8cjqOub7N3Fow+PzpYso2xTXK6hvHiAc7xq9WtuIQVHI302qOXqKJ9XxojwFPAeGfUYZRCGKxKS28zIQzgzyEw==",
      "requires": {
        "@aws-cdk/aws-iam": "1.49.0",
        "@aws-cdk/core": "1.49.0",
        "constructs": "^3.0.2"
      }
    },
    "@aws-cdk/aws-dynamodb": {
      "version": "1.49.0",
      "resolved": "https://registry.npmjs.org/@aws-cdk/aws-dynamodb/-/aws-dynamodb-1.49.0.tgz",
      "integrity": "sha512-WlpAHhXPZyktu7TqmxwBZOpucB7jo7jeI+qqU7j/TQHB95DXg4XOVTTkZrSbm7zJ3bc1wjRsd9LzFbFxKddsvQ==",
      "requires": {
        "@aws-cdk/aws-applicationautoscaling": "1.49.0",
        "@aws-cdk/aws-cloudwatch": "1.49.0",
        "@aws-cdk/aws-iam": "1.49.0",
        "@aws-cdk/aws-kms": "1.49.0",
        "@aws-cdk/aws-lambda": "1.49.0",
        "@aws-cdk/core": "1.49.0",
        "@aws-cdk/custom-resources": "1.49.0",
        "constructs": "^3.0.2"
      }
    },
    "@aws-cdk/aws-ec2": {
      "version": "1.49.0",
      "resolved": "https://registry.npmjs.org/@aws-cdk/aws-ec2/-/aws-ec2-1.49.0.tgz",
      "integrity": "sha512-spJYo7MO7FMasO4YQByqcppH8QlbzvJgCaCj5UlbagsifhgN1B9a1LZPBUycGdA7wm9VlLjQ1lp018/Puq7h6A==",
      "requires": {
        "@aws-cdk/aws-cloudwatch": "1.49.0",
        "@aws-cdk/aws-iam": "1.49.0",
        "@aws-cdk/aws-kms": "1.49.0",
        "@aws-cdk/aws-logs": "1.49.0",
        "@aws-cdk/aws-s3": "1.49.0",
        "@aws-cdk/aws-ssm": "1.49.0",
        "@aws-cdk/cloud-assembly-schema": "1.49.0",
        "@aws-cdk/core": "1.49.0",
        "@aws-cdk/cx-api": "1.49.0",
        "@aws-cdk/region-info": "1.49.0",
        "constructs": "^3.0.2"
      }
    },
    "@aws-cdk/aws-elasticloadbalancingv2": {
      "version": "1.49.0",
      "resolved": "https://registry.npmjs.org/@aws-cdk/aws-elasticloadbalancingv2/-/aws-elasticloadbalancingv2-1.49.0.tgz",
      "integrity": "sha512-69t9Yq6y7OA4Iq6+hIyoH53yhMfc7o6P9InckFWr+cs+luSwiAXY/kSOV8Z1mes6Cul1HJ7dgn25Ov4GRo9SJw==",
      "requires": {
        "@aws-cdk/aws-certificatemanager": "1.49.0",
        "@aws-cdk/aws-cloudwatch": "1.49.0",
        "@aws-cdk/aws-ec2": "1.49.0",
        "@aws-cdk/aws-iam": "1.49.0",
        "@aws-cdk/aws-lambda": "1.49.0",
        "@aws-cdk/aws-s3": "1.49.0",
        "@aws-cdk/core": "1.49.0",
        "constructs": "^3.0.2"
      }
    },
    "@aws-cdk/aws-events": {
      "version": "1.49.0",
      "resolved": "https://registry.npmjs.org/@aws-cdk/aws-events/-/aws-events-1.49.0.tgz",
      "integrity": "sha512-I/1G6fQq83VozitUNbHhtV+z7W7Hft11SXI+Lq4ogzMzau3dMNQm2XqgKhCuKZzg/axhtkCuDqJcINPkP0AeYw==",
      "requires": {
        "@aws-cdk/aws-iam": "1.49.0",
        "@aws-cdk/core": "1.49.0",
        "constructs": "^3.0.2"
      }
    },
    "@aws-cdk/aws-iam": {
      "version": "1.49.0",
      "resolved": "https://registry.npmjs.org/@aws-cdk/aws-iam/-/aws-iam-1.49.0.tgz",
      "integrity": "sha512-Nk0oQNsXwJ9NJUJkr017CRNUQc0bJ5VXRZm2YgZoBReBpJdPWBWYKeT2MH7xsnz8GeqqID6So960CrPoEbUQAQ==",
      "requires": {
        "@aws-cdk/core": "1.49.0",
        "@aws-cdk/region-info": "1.49.0",
        "constructs": "^3.0.2"
      }
    },
    "@aws-cdk/aws-kms": {
      "version": "1.49.0",
      "resolved": "https://registry.npmjs.org/@aws-cdk/aws-kms/-/aws-kms-1.49.0.tgz",
      "integrity": "sha512-s57sziwnIOHnCDh+okZqLs799YD7owGgeb2qTtT/sP2uUKxVdvJYn+r+hPEdWraL5ssr3EhTewdGJ50t4nvqrg==",
      "requires": {
        "@aws-cdk/aws-iam": "1.49.0",
        "@aws-cdk/core": "1.49.0",
        "constructs": "^3.0.2"
      }
    },
    "@aws-cdk/aws-lambda": {
      "version": "1.49.0",
      "resolved": "https://registry.npmjs.org/@aws-cdk/aws-lambda/-/aws-lambda-1.49.0.tgz",
      "integrity": "sha512-DjXZqGHfsRVwBrzEvLBIIpoCId84uIdPKKfTbcibwO+UJXS+gtxu1S08EUbGwITxTpOn00n6wBwvemUCrJWdHQ==",
      "requires": {
        "@aws-cdk/aws-cloudwatch": "1.49.0",
        "@aws-cdk/aws-ec2": "1.49.0",
        "@aws-cdk/aws-events": "1.49.0",
        "@aws-cdk/aws-iam": "1.49.0",
        "@aws-cdk/aws-logs": "1.49.0",
        "@aws-cdk/aws-s3": "1.49.0",
        "@aws-cdk/aws-s3-assets": "1.49.0",
        "@aws-cdk/aws-sqs": "1.49.0",
        "@aws-cdk/core": "1.49.0",
        "@aws-cdk/cx-api": "1.49.0",
        "constructs": "^3.0.2"
      }
    },
    "@aws-cdk/aws-logs": {
      "version": "1.49.0",
      "resolved": "https://registry.npmjs.org/@aws-cdk/aws-logs/-/aws-logs-1.49.0.tgz",
      "integrity": "sha512-z/bJYV1caqZWvHnkd3e03AFwOfYjLZgWM7Yo1qgNe2B4FK9p8Sp3995qbqFF06lStq0DioeFAoIsGFR3AnMRpA==",
      "requires": {
        "@aws-cdk/aws-cloudwatch": "1.49.0",
        "@aws-cdk/aws-iam": "1.49.0",
        "@aws-cdk/core": "1.49.0",
        "constructs": "^3.0.2"
      }
    },
    "@aws-cdk/aws-route53": {
      "version": "1.49.0",
      "resolved": "https://registry.npmjs.org/@aws-cdk/aws-route53/-/aws-route53-1.49.0.tgz",
      "integrity": "sha512-/trGE4hprRTAUZygIbq2TfKRk+Mf22qqgeiUd3smjsa1xify+XtpBVehQc8QtcNpW2Qc7dBrMMiwwKc/8ktnPA==",
      "requires": {
        "@aws-cdk/aws-ec2": "1.49.0",
        "@aws-cdk/aws-logs": "1.49.0",
        "@aws-cdk/cloud-assembly-schema": "1.49.0",
        "@aws-cdk/core": "1.49.0",
        "constructs": "^3.0.2"
      }
    },
    "@aws-cdk/aws-s3": {
      "version": "1.49.0",
      "resolved": "https://registry.npmjs.org/@aws-cdk/aws-s3/-/aws-s3-1.49.0.tgz",
      "integrity": "sha512-OXSs6wygesoxWoHiun/h9QIORMdOilGp53RMtwYFqmWSJcsMi0J5hu2e9vwEVmZR66xVJtoZh8afXDWLIBFZhw==",
      "requires": {
        "@aws-cdk/aws-events": "1.49.0",
        "@aws-cdk/aws-iam": "1.49.0",
        "@aws-cdk/aws-kms": "1.49.0",
        "@aws-cdk/core": "1.49.0",
        "constructs": "^3.0.2"
      }
    },
    "@aws-cdk/aws-s3-assets": {
      "version": "1.49.0",
      "resolved": "https://registry.npmjs.org/@aws-cdk/aws-s3-assets/-/aws-s3-assets-1.49.0.tgz",
      "integrity": "sha512-4dXzCrIDmSSh4rL01T0S7PWZaS25eeUrQU3Doa88HXY38xfjeV7raRrsB7QUs/5gNHJWXZNaqfos6Q7dzQ2+3g==",
      "requires": {
        "@aws-cdk/assets": "1.49.0",
        "@aws-cdk/aws-iam": "1.49.0",
        "@aws-cdk/aws-kms": "1.49.0",
        "@aws-cdk/aws-s3": "1.49.0",
        "@aws-cdk/core": "1.49.0",
        "@aws-cdk/cx-api": "1.49.0",
        "constructs": "^3.0.2"
      }
    },
    "@aws-cdk/aws-sns": {
      "version": "1.49.0",
      "resolved": "https://registry.npmjs.org/@aws-cdk/aws-sns/-/aws-sns-1.49.0.tgz",
      "integrity": "sha512-l/O2vj4/yIbMD59s/DXa8gbcpWEFvKYiUeh3nkb2ul4HUFE4h9ScqM654UCfCsv6b2mET75vZKvkTyaq2cVZjw==",
      "requires": {
        "@aws-cdk/aws-cloudwatch": "1.49.0",
        "@aws-cdk/aws-events": "1.49.0",
        "@aws-cdk/aws-iam": "1.49.0",
        "@aws-cdk/aws-kms": "1.49.0",
        "@aws-cdk/aws-sqs": "1.49.0",
        "@aws-cdk/core": "1.49.0",
        "constructs": "^3.0.2"
      }
    },
    "@aws-cdk/aws-sqs": {
      "version": "1.49.0",
      "resolved": "https://registry.npmjs.org/@aws-cdk/aws-sqs/-/aws-sqs-1.49.0.tgz",
      "integrity": "sha512-5XETBsSM7RkQhUfL4aGoDx4TO+Sb9KKql9j9z/kKFiI6x0gi6X/Yue8Ie2rdt9kWRFooc/wouy9+uVp/s3HYzg==",
      "requires": {
        "@aws-cdk/aws-cloudwatch": "1.49.0",
        "@aws-cdk/aws-iam": "1.49.0",
        "@aws-cdk/aws-kms": "1.49.0",
        "@aws-cdk/core": "1.49.0",
        "constructs": "^3.0.2"
      }
    },
    "@aws-cdk/aws-ssm": {
      "version": "1.49.0",
      "resolved": "https://registry.npmjs.org/@aws-cdk/aws-ssm/-/aws-ssm-1.49.0.tgz",
      "integrity": "sha512-GtBmHEyTVNZVwURGl23QEVjVuf3r5eIL/QthGfZVXHe7+XgMQOqUqVa3dMbqpYu/6JxaHqMBnuJM2zZ3GuG+TA==",
      "requires": {
        "@aws-cdk/aws-iam": "1.49.0",
        "@aws-cdk/aws-kms": "1.49.0",
        "@aws-cdk/cloud-assembly-schema": "1.49.0",
        "@aws-cdk/core": "1.49.0",
        "constructs": "^3.0.2"
      }
    },
    "@aws-cdk/cloud-assembly-schema": {
      "version": "1.49.0",
      "resolved": "https://registry.npmjs.org/@aws-cdk/cloud-assembly-schema/-/cloud-assembly-schema-1.49.0.tgz",
      "integrity": "sha512-jCS4JspHsbgySPr8CntJo8opSrXW6v0XaZxOpCFwjzHtLNZ1Au8XD19gNkESriVTwSsRbEiLEVSAenW+L6Monw==",
      "requires": {
        "jsonschema": "^1.2.5",
        "semver": "^7.2.2"
      },
      "dependencies": {
        "jsonschema": {
          "version": "1.2.6",
          "bundled": true
        },
        "semver": {
          "version": "7.3.2",
          "bundled": true
        }
      }
    },
    "@aws-cdk/core": {
      "version": "1.49.0",
      "resolved": "https://registry.npmjs.org/@aws-cdk/core/-/core-1.49.0.tgz",
      "integrity": "sha512-3Mqt19dtN4Ko4WFfkI2rI63CvFIKbpqQj14uzxqwmPveYVO/UlIzQrmTXfn1eb/Ybu4+CZtSKbtDuh7GZRd5AA==",
      "requires": {
        "@aws-cdk/cloud-assembly-schema": "1.49.0",
        "@aws-cdk/cx-api": "1.49.0",
        "constructs": "^3.0.2",
        "fs-extra": "^9.0.1",
        "minimatch": "^3.0.4"
      },
      "dependencies": {
        "at-least-node": {
          "version": "1.0.0",
          "bundled": true
        },
        "balanced-match": {
          "version": "1.0.0",
          "bundled": true
        },
        "brace-expansion": {
          "version": "1.1.11",
          "bundled": true,
          "requires": {
            "balanced-match": "^1.0.0",
            "concat-map": "0.0.1"
          }
        },
        "concat-map": {
          "version": "0.0.1",
          "bundled": true
        },
        "fs-extra": {
          "version": "9.0.1",
          "bundled": true,
          "requires": {
            "at-least-node": "^1.0.0",
            "graceful-fs": "^4.2.0",
            "jsonfile": "^6.0.1",
            "universalify": "^1.0.0"
          }
        },
        "graceful-fs": {
          "version": "4.2.4",
          "bundled": true
        },
        "jsonfile": {
          "version": "6.0.1",
          "bundled": true,
          "requires": {
            "graceful-fs": "^4.1.6",
            "universalify": "^1.0.0"
          }
        },
        "minimatch": {
          "version": "3.0.4",
          "bundled": true,
          "requires": {
            "brace-expansion": "^1.1.7"
          }
        },
        "universalify": {
          "version": "1.0.0",
          "bundled": true
        }
      }
    },
    "@aws-cdk/custom-resources": {
      "version": "1.49.0",
      "resolved": "https://registry.npmjs.org/@aws-cdk/custom-resources/-/custom-resources-1.49.0.tgz",
      "integrity": "sha512-k2Kh4ZKWigqfrbGp9kcKi8O1bb7i8rGeaUOc32ge5wZo+D8XjuyaqcYMGIbWLtEdW/Zgb7F6swpDSWyZImIqcw==",
      "requires": {
        "@aws-cdk/aws-cloudformation": "1.49.0",
        "@aws-cdk/aws-iam": "1.49.0",
        "@aws-cdk/aws-lambda": "1.49.0",
        "@aws-cdk/aws-logs": "1.49.0",
        "@aws-cdk/aws-sns": "1.49.0",
        "@aws-cdk/core": "1.49.0",
        "constructs": "^3.0.2"
      }
    },
    "@aws-cdk/cx-api": {
      "version": "1.49.0",
      "resolved": "https://registry.npmjs.org/@aws-cdk/cx-api/-/cx-api-1.49.0.tgz",
      "integrity": "sha512-qvkYBECzD3Syfr1/qTXT2+kLnEk0Ix9ySMzsVDbFD5KOFbvd42BGY/qqUb9BISH1XH0GaHcXojCztDqDC/H7tQ==",
      "requires": {
        "@aws-cdk/cloud-assembly-schema": "1.49.0",
        "semver": "^7.2.2"
      },
      "dependencies": {
        "semver": {
          "version": "7.3.2",
          "bundled": true
        }
      }
    },
    "@aws-cdk/region-info": {
      "version": "1.49.0",
      "resolved": "https://registry.npmjs.org/@aws-cdk/region-info/-/region-info-1.49.0.tgz",
      "integrity": "sha512-o9QNoZt9GYQOcuaZ2Y0JwTVOnIfnm0guTgpBRQAYOxmvyeqr4twR+GZB0a/J7ftDkrMvP6+tMcw7IA7Qh+eOQQ=="
    },
    "@types/node": {
      "version": "10.17.26",
      "resolved": "https://registry.npmjs.org/@types/node/-/node-10.17.26.tgz",
      "integrity": "sha512-myMwkO2Cr82kirHY8uknNRHEVtn0wV3DTQfkrjx17jmkstDRZ24gNUdl8AHXVyVclTYI/bNjgTPTAWvWLqXqkw==",
      "dev": true
    },
    "aws-sdk": {
      "version": "2.709.0",
      "resolved": "https://registry.npmjs.org/aws-sdk/-/aws-sdk-2.709.0.tgz",
      "integrity": "sha512-F3sKXsCiutj9RglVXdqb/XJ3Ko3G+pX081Nf1YjVJpLydwE2v16FGxrLqE5pqyWMDeUf5nZHnBoMuOYD8ip+Kw==",
      "requires": {
        "buffer": "4.9.2",
        "events": "1.1.1",
        "ieee754": "1.1.13",
        "jmespath": "0.15.0",
        "querystring": "0.2.0",
        "sax": "1.2.1",
        "url": "0.10.3",
        "uuid": "3.3.2",
        "xml2js": "0.4.19"
      }
    },
    "base64-js": {
      "version": "1.3.1",
      "resolved": "https://registry.npmjs.org/base64-js/-/base64-js-1.3.1.tgz",
      "integrity": "sha512-mLQ4i2QO1ytvGWFWmcngKO//JXAQueZvwEKtjgQFM4jIK0kU+ytMfplL8j+n5mspOfjHwoAg+9yhb7BwAHm36g=="
    },
    "buffer": {
      "version": "4.9.2",
      "resolved": "https://registry.npmjs.org/buffer/-/buffer-4.9.2.tgz",
      "integrity": "sha512-xq+q3SRMOxGivLhBNaUdC64hDTQwejJ+H0T/NB1XMtTVEwNTrfFF3gAxiyW0Bu/xWEGhjVKgUcMhCrUy2+uCWg==",
      "requires": {
        "base64-js": "^1.0.2",
        "ieee754": "^1.1.4",
        "isarray": "^1.0.0"
      }
    },
    "constructs": {
      "version": "3.0.4",
      "resolved": "https://registry.npmjs.org/constructs/-/constructs-3.0.4.tgz",
      "integrity": "sha512-CDvg7gMjphE3DFX4pzkF6j73NREbR8npPFW8Mx/CLRnMR035+Y1o1HrXIsNSss/dq3ZUnNTU9jKyd3fL9EOlfw=="
    },
    "events": {
      "version": "1.1.1",
      "resolved": "https://registry.npmjs.org/events/-/events-1.1.1.tgz",
      "integrity": "sha1-nr23Y1rQmccNzEwqH1AEKI6L2SQ="
    },
    "ieee754": {
      "version": "1.1.13",
      "resolved": "https://registry.npmjs.org/ieee754/-/ieee754-1.1.13.tgz",
      "integrity": "sha512-4vf7I2LYV/HaWerSo3XmlMkp5eZ83i+/CDluXi/IGTs/O1sejBNhTtnxzmRZfvOUqj7lZjqHkeTvpgSFDlWZTg=="
    },
    "isarray": {
      "version": "1.0.0",
      "resolved": "https://registry.npmjs.org/isarray/-/isarray-1.0.0.tgz",
      "integrity": "sha1-u5NdSFgsuhaMBoNJV6VKPgcSTxE="
    },
    "jmespath": {
      "version": "0.15.0",
      "resolved": "https://registry.npmjs.org/jmespath/-/jmespath-0.15.0.tgz",
      "integrity": "sha1-o/Iiqarp+Wb10nx5ZRDigJF2Qhc="
    },
    "punycode": {
      "version": "1.3.2",
      "resolved": "https://registry.npmjs.org/punycode/-/punycode-1.3.2.tgz",
      "integrity": "sha1-llOgNvt8HuQjQvIyXM7v6jkmxI0="
    },
    "querystring": {
      "version": "0.2.0",
      "resolved": "https://registry.npmjs.org/querystring/-/querystring-0.2.0.tgz",
      "integrity": "sha1-sgmEkgO7Jd+CDadW50cAWHhSFiA="
    },
    "sax": {
      "version": "1.2.1",
      "resolved": "https://registry.npmjs.org/sax/-/sax-1.2.1.tgz",
      "integrity": "sha1-e45lYZCyKOgaZq6nSEgNgozS03o="
    },
    "typescript": {
      "version": "3.7.5",
      "resolved": "https://registry.npmjs.org/typescript/-/typescript-3.7.5.tgz",
      "integrity": "sha512-/P5lkRXkWHNAbcJIiHPfRoKqyd7bsyCma1hZNUGfn20qm64T6ZBlrzprymeu918H+mB/0rIg2gGK/BXkhhYgBw==",
      "dev": true
    },
    "url": {
      "version": "0.10.3",
      "resolved": "https://registry.npmjs.org/url/-/url-0.10.3.tgz",
      "integrity": "sha1-Ah5NnHcF8hu/N9A861h2dAJ3TGQ=",
      "requires": {
        "punycode": "1.3.2",
        "querystring": "0.2.0"
      }
    },
    "uuid": {
      "version": "3.3.2",
      "resolved": "https://registry.npmjs.org/uuid/-/uuid-3.3.2.tgz",
      "integrity": "sha512-yXJmeNaw3DnnKAOKJE51sL/ZaYfWJRl1pK9dr19YFCu0ObS231AB1/LbqTKRAQ5kw8A90rA6fr4riOUpTZvQZA=="
    },
    "xml2js": {
      "version": "0.4.19",
      "resolved": "https://registry.npmjs.org/xml2js/-/xml2js-0.4.19.tgz",
      "integrity": "sha512-esZnJZJOiJR9wWKMyuvSE1y6Dq5LCuJanqhxslH2bxM6duahNZ+HMpCLhBQGZkbX6xRf8x1Y2eJlgt2q3qo49Q==",
      "requires": {
        "sax": ">=0.6.0",
        "xmlbuilder": "~9.0.1"
      }
    },
    "xmlbuilder": {
      "version": "9.0.7",
      "resolved": "https://registry.npmjs.org/xmlbuilder/-/xmlbuilder-9.0.7.tgz",
      "integrity": "sha1-Ey7mPS7FVlxVfiD0wi35rKaGsQ0="
    }
  }
}
