{
  "name": "api-lambda-crud-dynamodb",
  "version": "1.0.0",
  "lockfileVersion": 1,
  "requires": true,
  "dependencies": {
    "@aws-cdk/assets": {
      "version": "1.47.1",
      "resolved": "https://registry.npmjs.org/@aws-cdk/assets/-/assets-1.47.1.tgz",
      "integrity": "sha512-hJXRQbs3cDJmR6r0/qsiCpUiQXTjHE4AZ3d3lssHm283iRyT3i1YCZlG1i1RagLvV7fp2DfS5Dexy8uo8rPoTg==",
      "requires": {
        "@aws-cdk/core": "1.47.1",
        "@aws-cdk/cx-api": "1.47.1",
        "constructs": "^3.0.2"
      }
    },
    "@aws-cdk/aws-apigateway": {
      "version": "1.47.1",
      "resolved": "https://registry.npmjs.org/@aws-cdk/aws-apigateway/-/aws-apigateway-1.47.1.tgz",
      "integrity": "sha512-E53dzQRCipDFV497Nfc1gqR1oY1viOBNDwaZhi1w9uFMPCsfMl4tPiF1YvmUpMapccibTB3H2RTJfXKl+2EjiA==",
      "requires": {
        "@aws-cdk/assets": "1.47.1",
        "@aws-cdk/aws-certificatemanager": "1.47.1",
        "@aws-cdk/aws-ec2": "1.47.1",
        "@aws-cdk/aws-elasticloadbalancingv2": "1.47.1",
        "@aws-cdk/aws-iam": "1.47.1",
        "@aws-cdk/aws-lambda": "1.47.1",
        "@aws-cdk/aws-logs": "1.47.1",
        "@aws-cdk/aws-s3": "1.47.1",
        "@aws-cdk/aws-s3-assets": "1.47.1",
        "@aws-cdk/core": "1.47.1",
        "@aws-cdk/cx-api": "1.47.1",
        "constructs": "^3.0.2"
      }
    },
    "@aws-cdk/aws-applicationautoscaling": {
      "version": "1.47.1",
      "resolved": "https://registry.npmjs.org/@aws-cdk/aws-applicationautoscaling/-/aws-applicationautoscaling-1.47.1.tgz",
      "integrity": "sha512-6/KOwi/Wg9dwXIvqbw18R/cz4YM8Ua4cCzhA05bGLcmdfIpNQs0UYckL1ICNundCqoZfAEBIbrhfsN3HL7P/NQ==",
      "requires": {
        "@aws-cdk/aws-autoscaling-common": "1.47.1",
        "@aws-cdk/aws-cloudwatch": "1.47.1",
        "@aws-cdk/aws-iam": "1.47.1",
        "@aws-cdk/core": "1.47.1",
        "constructs": "^3.0.2"
      }
    },
    "@aws-cdk/aws-autoscaling-common": {
      "version": "1.47.1",
      "resolved": "https://registry.npmjs.org/@aws-cdk/aws-autoscaling-common/-/aws-autoscaling-common-1.47.1.tgz",
      "integrity": "sha512-mUFsvkf/CVbf2AmiFu110QwtAenEmj+HE0LBXQbsU1Gju4y/gweMaAIXDehWd7/M6uKlSaZikTEZYPjndLKWpQ==",
      "requires": {
        "@aws-cdk/aws-iam": "1.47.1",
        "@aws-cdk/core": "1.47.1",
        "constructs": "^3.0.2"
      }
    },
    "@aws-cdk/aws-certificatemanager": {
      "version": "1.47.1",
      "resolved": "https://registry.npmjs.org/@aws-cdk/aws-certificatemanager/-/aws-certificatemanager-1.47.1.tgz",
      "integrity": "sha512-jcUI59g9+d2nlLm3DQNddIrDjiW7hnrGD2wEFCxMDDY3jgy+ttDUnnv/5K/QhRQJBQQbxpFIm8iCQffW98VCDQ==",
      "requires": {
        "@aws-cdk/aws-iam": "1.47.1",
        "@aws-cdk/aws-lambda": "1.47.1",
        "@aws-cdk/aws-route53": "1.47.1",
        "@aws-cdk/core": "1.47.1",
        "constructs": "^3.0.2"
      }
    },
    "@aws-cdk/aws-cloudformation": {
      "version": "1.47.1",
      "resolved": "https://registry.npmjs.org/@aws-cdk/aws-cloudformation/-/aws-cloudformation-1.47.1.tgz",
      "integrity": "sha512-y5LbBbTDBKUF/McVx/z5XU3/aVnFe7B5LC5+nD2k7JRs6z76NA2CQUs6p343QMKfKkmZnMhVrsYXQ6IA9Ez/nw==",
      "requires": {
        "@aws-cdk/aws-iam": "1.47.1",
        "@aws-cdk/aws-lambda": "1.47.1",
        "@aws-cdk/aws-s3": "1.47.1",
        "@aws-cdk/aws-sns": "1.47.1",
        "@aws-cdk/core": "1.47.1",
        "@aws-cdk/cx-api": "1.47.1",
        "constructs": "^3.0.2"
      }
    },
    "@aws-cdk/aws-cloudfront": {
      "version": "1.47.1",
      "resolved": "https://registry.npmjs.org/@aws-cdk/aws-cloudfront/-/aws-cloudfront-1.47.1.tgz",
      "integrity": "sha512-bBheALfyoXCpJ9di5tA/ZV10brAZQcIC6Au+r+n4MR/1jWY5qjOH39YEHzlR1OYzUjYMOJNVF+Yym0SJkVjvug==",
      "requires": {
        "@aws-cdk/aws-certificatemanager": "1.47.1",
        "@aws-cdk/aws-iam": "1.47.1",
        "@aws-cdk/aws-kms": "1.47.1",
        "@aws-cdk/aws-lambda": "1.47.1",
        "@aws-cdk/aws-s3": "1.47.1",
        "@aws-cdk/core": "1.47.1",
        "constructs": "^3.0.2"
      }
    },
    "@aws-cdk/aws-cloudwatch": {
      "version": "1.47.1",
      "resolved": "https://registry.npmjs.org/@aws-cdk/aws-cloudwatch/-/aws-cloudwatch-1.47.1.tgz",
      "integrity": "sha512-qw1C0jaj/cFikuCLl+kK1K9oRJtfIgNDsHRaKoLGxUpiFAYYtpMmOVRBTLNhHIwHucAjWp3/o3tUlYxBxzeGSw==",
      "requires": {
        "@aws-cdk/aws-iam": "1.47.1",
        "@aws-cdk/core": "1.47.1",
        "constructs": "^3.0.2"
      }
    },
    "@aws-cdk/aws-cognito": {
      "version": "1.47.1",
      "resolved": "https://registry.npmjs.org/@aws-cdk/aws-cognito/-/aws-cognito-1.47.1.tgz",
      "integrity": "sha512-HO68rZw3vt/DmHnjEQbPgvYmZOnYLhRqDjGQTAPsE/hheR5ViTbhHeF4v2pZYBcTrIhbDaRHasai581tUqG1og==",
      "requires": {
        "@aws-cdk/aws-certificatemanager": "1.47.1",
        "@aws-cdk/aws-iam": "1.47.1",
        "@aws-cdk/aws-lambda": "1.47.1",
        "@aws-cdk/core": "1.47.1",
        "@aws-cdk/custom-resources": "1.47.1",
        "constructs": "^3.0.2"
      }
    },
    "@aws-cdk/aws-dynamodb": {
      "version": "1.47.1",
      "resolved": "https://registry.npmjs.org/@aws-cdk/aws-dynamodb/-/aws-dynamodb-1.47.1.tgz",
      "integrity": "sha512-ILzoBaXnR6BWKM4OycPlAkh7oCQpPnjEJ/X1/jLhrnh44/pvmWxL6MqDmYBLxm/LF4UGRfoQe6ZnfNR5qs7hUw==",
      "requires": {
        "@aws-cdk/aws-applicationautoscaling": "1.47.1",
        "@aws-cdk/aws-cloudwatch": "1.47.1",
        "@aws-cdk/aws-iam": "1.47.1",
        "@aws-cdk/aws-kms": "1.47.1",
        "@aws-cdk/aws-lambda": "1.47.1",
        "@aws-cdk/core": "1.47.1",
        "@aws-cdk/custom-resources": "1.47.1",
        "constructs": "^3.0.2"
      }
    },
    "@aws-cdk/aws-ec2": {
      "version": "1.47.1",
      "resolved": "https://registry.npmjs.org/@aws-cdk/aws-ec2/-/aws-ec2-1.47.1.tgz",
      "integrity": "sha512-RxOVWpDRdnvSa2z3BCTmnfkPTZCGdEk1lq+BrgPyjU8x2Z1HHf148cBcRq7f9rGT2i5SgMnJtAgod1/iFeZGfg==",
      "requires": {
        "@aws-cdk/aws-cloudwatch": "1.47.1",
        "@aws-cdk/aws-iam": "1.47.1",
        "@aws-cdk/aws-logs": "1.47.1",
        "@aws-cdk/aws-s3": "1.47.1",
        "@aws-cdk/aws-ssm": "1.47.1",
        "@aws-cdk/cloud-assembly-schema": "1.47.1",
        "@aws-cdk/core": "1.47.1",
        "@aws-cdk/cx-api": "1.47.1",
        "@aws-cdk/region-info": "1.47.1",
        "constructs": "^3.0.2"
      }
    },
    "@aws-cdk/aws-elasticloadbalancingv2": {
      "version": "1.47.1",
      "resolved": "https://registry.npmjs.org/@aws-cdk/aws-elasticloadbalancingv2/-/aws-elasticloadbalancingv2-1.47.1.tgz",
      "integrity": "sha512-GoQBgox0mYTZ9KQGFAec3+JBidkpDYeS63wBhYuNtqtkdSWSRqVgdOoL6O+9VCJHEQWcI28G7fyBIEDud8mhhQ==",
      "requires": {
        "@aws-cdk/aws-certificatemanager": "1.47.1",
        "@aws-cdk/aws-cloudwatch": "1.47.1",
        "@aws-cdk/aws-ec2": "1.47.1",
        "@aws-cdk/aws-iam": "1.47.1",
        "@aws-cdk/aws-lambda": "1.47.1",
        "@aws-cdk/aws-s3": "1.47.1",
        "@aws-cdk/core": "1.47.1",
        "constructs": "^3.0.2"
      }
    },
    "@aws-cdk/aws-elasticsearch": {
      "version": "1.47.1",
      "resolved": "https://registry.npmjs.org/@aws-cdk/aws-elasticsearch/-/aws-elasticsearch-1.47.1.tgz",
      "integrity": "sha512-5urNY6FHZqmFoePED5TejcNj2iOcnK5Oqq68BMPgTNauJHbmdsayZoWZFXeJMPyaGR3U4F0w3sJcS3v5lIRreg==",
      "requires": {
        "@aws-cdk/core": "1.47.1",
        "constructs": "^3.0.2"
      }
    },
    "@aws-cdk/aws-events": {
      "version": "1.47.1",
      "resolved": "https://registry.npmjs.org/@aws-cdk/aws-events/-/aws-events-1.47.1.tgz",
      "integrity": "sha512-whdTQhjZQ2V+kjjPvD4k0jmgWIcFsEeIfX96VlONrgL7356Nwk7kZwssm5csvIVs8kohSjR0EU3blYotg7I5cQ==",
      "requires": {
        "@aws-cdk/aws-iam": "1.47.1",
        "@aws-cdk/core": "1.47.1",
        "constructs": "^3.0.2"
      }
    },
    "@aws-cdk/aws-iam": {
      "version": "1.47.1",
      "resolved": "https://registry.npmjs.org/@aws-cdk/aws-iam/-/aws-iam-1.47.1.tgz",
      "integrity": "sha512-0rgP0vqEvVZ5Pzu5gYCLvDe6eEoavT34JYw5s78ISmMkv2AcsOqitXA/VERv5lvkR9oAYcxAjTOVrpcOAOZ0Iw==",
      "requires": {
        "@aws-cdk/core": "1.47.1",
        "@aws-cdk/region-info": "1.47.1",
        "constructs": "^3.0.2"
      }
    },
    "@aws-cdk/aws-iot": {
      "version": "1.47.1",
      "resolved": "https://registry.npmjs.org/@aws-cdk/aws-iot/-/aws-iot-1.47.1.tgz",
      "integrity": "sha512-AhRmPCVI7fz97BqyGwciLD+ElR705w3MGufwbp5BQffah74astP7G4WGaxGoUIJKKvkCQWkpXf0H4w2FqkaXbQ==",
      "requires": {
        "@aws-cdk/core": "1.47.1",
        "constructs": "^3.0.2"
      }
    },
    "@aws-cdk/aws-kinesis": {
      "version": "1.47.1",
      "resolved": "https://registry.npmjs.org/@aws-cdk/aws-kinesis/-/aws-kinesis-1.47.1.tgz",
      "integrity": "sha512-aXZpGqVr775AJTLWygTHfU2xSa7JvC4wpkEVH+3PP2RBpninJyLoj4iqqAbPaHsy3e/EXoqW1L0yJSFJtcVvaA==",
      "requires": {
        "@aws-cdk/aws-iam": "1.47.1",
        "@aws-cdk/aws-kms": "1.47.1",
        "@aws-cdk/aws-logs": "1.47.1",
        "@aws-cdk/core": "1.47.1",
        "constructs": "^3.0.2"
      }
    },
    "@aws-cdk/aws-kinesisanalytics": {
      "version": "1.47.1",
      "resolved": "https://registry.npmjs.org/@aws-cdk/aws-kinesisanalytics/-/aws-kinesisanalytics-1.47.1.tgz",
      "integrity": "sha512-bxfyekRdLVz+HGrKcvaJ0LEa2YgqP5h0y8w6tmNNYogNoF7ZJpO6plqHvoK2FDSeHNJ+WAQ02mCbTGULSmcdrQ==",
      "requires": {
        "@aws-cdk/core": "1.47.1",
        "constructs": "^3.0.2"
      }
    },
    "@aws-cdk/aws-kinesisfirehose": {
      "version": "1.47.1",
      "resolved": "https://registry.npmjs.org/@aws-cdk/aws-kinesisfirehose/-/aws-kinesisfirehose-1.47.1.tgz",
      "integrity": "sha512-3jOMt1PdRcEqdRM4sjRRac7R0MeIKjZpqvZe7E0ryfvU4sjmlPKceypLpURaieMH78EPy0jje+lobUIfybah1w==",
      "requires": {
        "@aws-cdk/core": "1.47.1",
        "constructs": "^3.0.2"
      }
    },
    "@aws-cdk/aws-kms": {
      "version": "1.47.1",
      "resolved": "https://registry.npmjs.org/@aws-cdk/aws-kms/-/aws-kms-1.47.1.tgz",
      "integrity": "sha512-q7wXbMksq5tOSphIf6Yh70CUL7RCmzDUFFadAboCcj6GIFKhOfCT5gAidxl71dcCynrBtDckVJGk5MlSrdrhZg==",
      "requires": {
        "@aws-cdk/aws-iam": "1.47.1",
        "@aws-cdk/core": "1.47.1",
        "constructs": "^3.0.2"
      }
    },
    "@aws-cdk/aws-lambda": {
      "version": "1.47.1",
      "resolved": "https://registry.npmjs.org/@aws-cdk/aws-lambda/-/aws-lambda-1.47.1.tgz",
      "integrity": "sha512-xHRAwNUYT5h/81xSavKMairppYSMpF01EjZWONBlmvkRqTfbn2W57xsgC7S8ctr9StuWv03xsPNC+34CNs7Fhg==",
      "requires": {
        "@aws-cdk/aws-cloudwatch": "1.47.1",
        "@aws-cdk/aws-ec2": "1.47.1",
        "@aws-cdk/aws-events": "1.47.1",
        "@aws-cdk/aws-iam": "1.47.1",
        "@aws-cdk/aws-logs": "1.47.1",
        "@aws-cdk/aws-s3": "1.47.1",
        "@aws-cdk/aws-s3-assets": "1.47.1",
        "@aws-cdk/aws-sqs": "1.47.1",
        "@aws-cdk/core": "1.47.1",
        "@aws-cdk/cx-api": "1.47.1",
        "constructs": "^3.0.2"
      }
    },
    "@aws-cdk/aws-lambda-event-sources": {
      "version": "1.47.1",
      "resolved": "https://registry.npmjs.org/@aws-cdk/aws-lambda-event-sources/-/aws-lambda-event-sources-1.47.1.tgz",
      "integrity": "sha512-tKVUxE1POqpdEniQnTX9c4d6VfbAz3Tc9TnxugiVuD5zOT0o64UhH3DIzMslQpf7K6aFxPSrW7yvy0wdT5bR4w==",
      "requires": {
        "@aws-cdk/aws-apigateway": "1.47.1",
        "@aws-cdk/aws-dynamodb": "1.47.1",
        "@aws-cdk/aws-events": "1.47.1",
        "@aws-cdk/aws-iam": "1.47.1",
        "@aws-cdk/aws-kinesis": "1.47.1",
        "@aws-cdk/aws-lambda": "1.47.1",
        "@aws-cdk/aws-s3": "1.47.1",
        "@aws-cdk/aws-s3-notifications": "1.47.1",
        "@aws-cdk/aws-sns": "1.47.1",
        "@aws-cdk/aws-sns-subscriptions": "1.47.1",
        "@aws-cdk/aws-sqs": "1.47.1",
        "@aws-cdk/core": "1.47.1",
        "constructs": "^3.0.2"
      }
    },
    "@aws-cdk/aws-logs": {
      "version": "1.47.1",
      "resolved": "https://registry.npmjs.org/@aws-cdk/aws-logs/-/aws-logs-1.47.1.tgz",
      "integrity": "sha512-khWSesAT4WOIm7OnOEBDYZlaJIAPxz82vJ/O4QDEQyUsD8SDeYr+vlvUCG3cG8IavnhG2WofkDrU5IR2Ujpohw==",
      "requires": {
        "@aws-cdk/aws-cloudwatch": "1.47.1",
        "@aws-cdk/aws-iam": "1.47.1",
        "@aws-cdk/core": "1.47.1",
        "constructs": "^3.0.2"
      }
    },
    "@aws-cdk/aws-route53": {
      "version": "1.47.1",
      "resolved": "https://registry.npmjs.org/@aws-cdk/aws-route53/-/aws-route53-1.47.1.tgz",
      "integrity": "sha512-U72ezUA6s+uwiUPd33E3JGZU5cWNH9x8PPw9o6mi9foKRRSjcydAQIVjAjX3Vlm/marTQHLDsdYoh3SsSeSdSQ==",
      "requires": {
        "@aws-cdk/aws-ec2": "1.47.1",
        "@aws-cdk/aws-logs": "1.47.1",
        "@aws-cdk/cloud-assembly-schema": "1.47.1",
        "@aws-cdk/core": "1.47.1",
        "constructs": "^3.0.2"
      }
    },
    "@aws-cdk/aws-s3": {
      "version": "1.47.1",
      "resolved": "https://registry.npmjs.org/@aws-cdk/aws-s3/-/aws-s3-1.47.1.tgz",
      "integrity": "sha512-r+BNxMYJs+u275knw3iG6hg9MBE+f6sWAsfQpyU2h4CxTnsG1zmVlMQ3syGpjMRacdj1onnXq0WbjNJpciCqKw==",
      "requires": {
        "@aws-cdk/aws-events": "1.47.1",
        "@aws-cdk/aws-iam": "1.47.1",
        "@aws-cdk/aws-kms": "1.47.1",
        "@aws-cdk/core": "1.47.1",
        "constructs": "^3.0.2"
      }
    },
    "@aws-cdk/aws-s3-assets": {
      "version": "1.47.1",
      "resolved": "https://registry.npmjs.org/@aws-cdk/aws-s3-assets/-/aws-s3-assets-1.47.1.tgz",
      "integrity": "sha512-qDalzEb9dkYAa6mo/DK13Fi06T5/JltjdKWxC8sfZQGcz29yGjQOc6EMn/pYVfzNjbxG3AgkkjGb+FgtC9qUwA==",
      "requires": {
        "@aws-cdk/assets": "1.47.1",
        "@aws-cdk/aws-iam": "1.47.1",
        "@aws-cdk/aws-kms": "1.47.1",
        "@aws-cdk/aws-s3": "1.47.1",
        "@aws-cdk/core": "1.47.1",
        "@aws-cdk/cx-api": "1.47.1",
        "constructs": "^3.0.2"
      }
    },
    "@aws-cdk/aws-s3-notifications": {
      "version": "1.47.1",
      "resolved": "https://registry.npmjs.org/@aws-cdk/aws-s3-notifications/-/aws-s3-notifications-1.47.1.tgz",
      "integrity": "sha512-aC7UzSQ6YTAqMoffzWbh4dB6NbA9Z9d+JvSZCCb7yoYnULXZye0N2gxMgRFuZKCf0/EoPPkLuVPChi6M8yfzbg==",
      "requires": {
        "@aws-cdk/aws-iam": "1.47.1",
        "@aws-cdk/aws-lambda": "1.47.1",
        "@aws-cdk/aws-s3": "1.47.1",
        "@aws-cdk/aws-sns": "1.47.1",
        "@aws-cdk/aws-sqs": "1.47.1",
        "@aws-cdk/core": "1.47.1",
        "constructs": "^3.0.2"
      }
    },
    "@aws-cdk/aws-sns": {
      "version": "1.47.1",
      "resolved": "https://registry.npmjs.org/@aws-cdk/aws-sns/-/aws-sns-1.47.1.tgz",
      "integrity": "sha512-bI2k+yAlCi4xiWn6F2W2WAqktmyYJn8NwmtVGQfxk8Pz3MB0hoNcAuhzWAZ4p9iJMZFP229w6SIXgDzc/9YuUg==",
      "requires": {
        "@aws-cdk/aws-cloudwatch": "1.47.1",
        "@aws-cdk/aws-events": "1.47.1",
        "@aws-cdk/aws-iam": "1.47.1",
        "@aws-cdk/aws-kms": "1.47.1",
        "@aws-cdk/aws-sqs": "1.47.1",
        "@aws-cdk/core": "1.47.1",
        "constructs": "^3.0.2"
      }
    },
    "@aws-cdk/aws-sns-subscriptions": {
      "version": "1.47.1",
      "resolved": "https://registry.npmjs.org/@aws-cdk/aws-sns-subscriptions/-/aws-sns-subscriptions-1.47.1.tgz",
      "integrity": "sha512-kMKfwl1JQigJzBuT+qBW5YxLoHJ2QDVLQ/MxjzE8y+5kDzzyjTKXuD11bC8DRLkpM493nwzt3efAzl4XzZm7Jg==",
      "requires": {
        "@aws-cdk/aws-iam": "1.47.1",
        "@aws-cdk/aws-lambda": "1.47.1",
        "@aws-cdk/aws-sns": "1.47.1",
        "@aws-cdk/aws-sqs": "1.47.1",
        "@aws-cdk/core": "1.47.1",
        "constructs": "^3.0.2"
      }
    },
    "@aws-cdk/aws-sqs": {
      "version": "1.47.1",
      "resolved": "https://registry.npmjs.org/@aws-cdk/aws-sqs/-/aws-sqs-1.47.1.tgz",
      "integrity": "sha512-3N8DwUGcJo2oWMN3QCuLIFy6XhpduPRnOt0id4JNqhPXkL9VOp2AJbZdKeBmdnto6tcA15zm5/dzBd8iH4gxQA==",
      "requires": {
        "@aws-cdk/aws-cloudwatch": "1.47.1",
        "@aws-cdk/aws-iam": "1.47.1",
        "@aws-cdk/aws-kms": "1.47.1",
        "@aws-cdk/core": "1.47.1",
        "constructs": "^3.0.2"
      }
    },
    "@aws-cdk/aws-ssm": {
      "version": "1.47.1",
      "resolved": "https://registry.npmjs.org/@aws-cdk/aws-ssm/-/aws-ssm-1.47.1.tgz",
      "integrity": "sha512-PbcMHOWDdkAskXfqEPBQKmneGTN/4kAFe8j68LVVLDY5C0+URwbuaQhSYAE5o5wy7Otri2K1YGoIcdBuI3d86Q==",
      "requires": {
        "@aws-cdk/aws-iam": "1.47.1",
        "@aws-cdk/aws-kms": "1.47.1",
        "@aws-cdk/cloud-assembly-schema": "1.47.1",
        "@aws-cdk/core": "1.47.1",
        "constructs": "^3.0.2"
      }
    },
    "@aws-cdk/aws-stepfunctions": {
      "version": "1.47.1",
      "resolved": "https://registry.npmjs.org/@aws-cdk/aws-stepfunctions/-/aws-stepfunctions-1.47.1.tgz",
      "integrity": "sha512-OYHFLwTe9V2v4JrcsTAGn+X8W1ydWud1E9Fgt9vtKsRwJHic/3xjPYKP8GVz/OakK+i5A2FDU1/1wgczB/Leog==",
      "requires": {
        "@aws-cdk/aws-cloudwatch": "1.47.1",
        "@aws-cdk/aws-events": "1.47.1",
        "@aws-cdk/aws-iam": "1.47.1",
        "@aws-cdk/aws-logs": "1.47.1",
        "@aws-cdk/core": "1.47.1",
        "constructs": "^3.0.2"
      }
    },
    "@aws-cdk/cdk": {
      "version": "0.36.1",
      "resolved": "https://registry.npmjs.org/@aws-cdk/cdk/-/cdk-0.36.1.tgz",
      "integrity": "sha512-zANjIxZZM/sFns5zUbGEBikZcF4m+77aNQ6o6vcQkVcglky9peZ0q7T4urngSDP/QHnjsqpp6QrJaLSvjcInJg=="
    },
    "@aws-cdk/cloud-assembly-schema": {
      "version": "1.47.1",
      "resolved": "https://registry.npmjs.org/@aws-cdk/cloud-assembly-schema/-/cloud-assembly-schema-1.47.1.tgz",
      "integrity": "sha512-gwvRDaX8HBXNA+RhDuR2xHL2MtSTMogg6BgnlNumf3wfdRbykt8Y01/gTimCYat+2xFj6fhuq9P25P7a5m/yvw==",
      "requires": {
        "jsonschema": "^1.2.5",
        "semver": "^7.2.2"
      },
      "dependencies": {
        "jsonschema": {
          "version": "1.2.6",
          "bundled": true
        },
        "semver": {
          "version": "7.3.2",
          "bundled": true
        }
      }
    },
    "@aws-cdk/core": {
      "version": "1.47.1",
      "resolved": "https://registry.npmjs.org/@aws-cdk/core/-/core-1.47.1.tgz",
      "integrity": "sha512-D4Z5AKH4j3k7SZnIPTS+M8LBtVajaM0GK9jVeNEeY9hzUe09CodGCccHazMNSUXTPxrJ1BWxQm3iGM+iX09lgg==",
      "requires": {
        "@aws-cdk/cloud-assembly-schema": "1.47.1",
        "@aws-cdk/cx-api": "1.47.1",
        "constructs": "^3.0.2",
        "fs-extra": "^9.0.1",
        "minimatch": "^3.0.4"
      },
      "dependencies": {
        "at-least-node": {
          "version": "1.0.0",
          "bundled": true
        },
        "balanced-match": {
          "version": "1.0.0",
          "bundled": true
        },
        "brace-expansion": {
          "version": "1.1.11",
          "bundled": true,
          "requires": {
            "balanced-match": "^1.0.0",
            "concat-map": "0.0.1"
          }
        },
        "concat-map": {
          "version": "0.0.1",
          "bundled": true
        },
        "fs-extra": {
          "version": "9.0.1",
          "bundled": true,
          "requires": {
            "at-least-node": "^1.0.0",
            "graceful-fs": "^4.2.0",
            "jsonfile": "^6.0.1",
            "universalify": "^1.0.0"
          }
        },
        "graceful-fs": {
          "version": "4.2.4",
          "bundled": true
        },
        "jsonfile": {
          "version": "6.0.1",
          "bundled": true,
          "requires": {
            "graceful-fs": "^4.1.6",
            "universalify": "^1.0.0"
          }
        },
        "minimatch": {
          "version": "3.0.4",
          "bundled": true,
          "requires": {
            "brace-expansion": "^1.1.7"
          }
        },
        "universalify": {
          "version": "1.0.0",
          "bundled": true
        }
      }
    },
    "@aws-cdk/custom-resources": {
      "version": "1.47.1",
      "resolved": "https://registry.npmjs.org/@aws-cdk/custom-resources/-/custom-resources-1.47.1.tgz",
      "integrity": "sha512-yax74Zd2LG5IaUys/WSrj8XSFrFx9J3hAucnfySIQU8Z6x4fEUvl7v2FTJfGPSpb8K5LWoAyrOyggml+p7IkHQ==",
      "requires": {
        "@aws-cdk/aws-cloudformation": "1.47.1",
        "@aws-cdk/aws-iam": "1.47.1",
        "@aws-cdk/aws-lambda": "1.47.1",
        "@aws-cdk/aws-logs": "1.47.1",
        "@aws-cdk/aws-sns": "1.47.1",
        "@aws-cdk/core": "1.47.1",
        "constructs": "^3.0.2"
      }
    },
    "@aws-cdk/cx-api": {
      "version": "1.47.1",
      "resolved": "https://registry.npmjs.org/@aws-cdk/cx-api/-/cx-api-1.47.1.tgz",
      "integrity": "sha512-vUDaPr0KO8TPhT+EcUNc4/bqGbIzhQdHBnuLLkUI3jX/k2nzYV5kt2BIFs+OuVoLqI+CpS8A/fz4VdB69Qtu1Q==",
      "requires": {
        "@aws-cdk/cloud-assembly-schema": "1.47.1",
        "semver": "^7.2.2"
      },
      "dependencies": {
        "semver": {
          "version": "7.3.2",
          "bundled": true
        }
      }
    },
    "@aws-cdk/region-info": {
      "version": "1.47.1",
      "resolved": "https://registry.npmjs.org/@aws-cdk/region-info/-/region-info-1.47.1.tgz",
      "integrity": "sha512-Qr++5fwyN22xDSk8bJ4oKlwKW2K1wPs6DwYzSHy2BS0yFzS6QhrzxI45NVKDi3mNSkExORXAuKyvkdwY4Q9zYQ=="
    },
    "@aws-solutions-constructs/aws-dynamodb-stream-lambda": {
      "version": "1.47.0",
      "resolved": "https://registry.npmjs.org/@aws-solutions-constructs/aws-dynamodb-stream-lambda/-/aws-dynamodb-stream-lambda-1.47.0.tgz",
      "integrity": "sha512-EjKhP8bKkM2PEu1iBRcnp9X2hmyMGPVwvGwNO4O732Gw7ShbetE4xS0RTFrjSvWq5sxDKvDC3GyUHr+PYz94yg==",
      "requires": {
        "@aws-cdk/aws-dynamodb": "~1.47.0",
        "@aws-cdk/aws-lambda": "~1.47.0",
        "@aws-cdk/aws-lambda-event-sources": "~1.47.0",
        "@aws-cdk/core": "~1.47.0",
        "@aws-solutions-constructs/core": "~1.47.0",
        "constructs": "^3.0.2"
      }
    },
    "@aws-solutions-constructs/aws-lambda-dynamodb": {
      "version": "1.47.0",
      "resolved": "https://registry.npmjs.org/@aws-solutions-constructs/aws-lambda-dynamodb/-/aws-lambda-dynamodb-1.47.0.tgz",
      "integrity": "sha512-/UYNDnDYRnY1NpsH/h10n1H2US9sN03QoziItcIzbBgCiSB9S8dShrJjMMz0FquN1LS6Naq23cXaSvxh48cjsg==",
      "requires": {
        "@aws-cdk/aws-dynamodb": "~1.47.0",
        "@aws-cdk/aws-lambda": "~1.47.0",
        "@aws-cdk/core": "~1.47.0",
        "@aws-solutions-constructs/core": "~1.47.0",
        "constructs": "^3.0.2"
      }
    },
    "@aws-solutions-constructs/core": {
      "version": "1.47.0",
      "resolved": "https://registry.npmjs.org/@aws-solutions-constructs/core/-/core-1.47.0.tgz",
      "integrity": "sha512-kCAQn6pVnqhM6yFRr2v83mf3iEFbSlUDkBAIGwbPA8kJtiiyzTjENae43MGJuk1cdqB5UDHdIIhPirWsnLMdvg==",
      "requires": {
        "@aws-cdk/aws-apigateway": "~1.47.0",
        "@aws-cdk/aws-cloudfront": "~1.47.0",
        "@aws-cdk/aws-cloudwatch": "~1.47.0",
        "@aws-cdk/aws-cognito": "~1.47.0",
        "@aws-cdk/aws-dynamodb": "~1.47.0",
        "@aws-cdk/aws-elasticsearch": "~1.47.0",
        "@aws-cdk/aws-events": "~1.47.0",
        "@aws-cdk/aws-iam": "~1.47.0",
        "@aws-cdk/aws-iot": "~1.47.0",
        "@aws-cdk/aws-kinesis": "~1.47.0",
        "@aws-cdk/aws-kinesisanalytics": "~1.47.0",
        "@aws-cdk/aws-kinesisfirehose": "~1.47.0",
        "@aws-cdk/aws-kms": "~1.47.0",
        "@aws-cdk/aws-lambda": "~1.47.0",
        "@aws-cdk/aws-lambda-event-sources": "~1.47.0",
        "@aws-cdk/aws-logs": "~1.47.0",
        "@aws-cdk/aws-s3": "~1.47.0",
        "@aws-cdk/aws-sns": "~1.47.0",
        "@aws-cdk/aws-sqs": "~1.47.0",
        "@aws-cdk/aws-stepfunctions": "~1.47.0",
        "@aws-cdk/core": "~1.47.0",
        "@types/deep-diff": "^1.0.0",
        "@types/npmlog": "^4.1.2",
        "deep-diff": "^1.0.2",
        "deepmerge": "^4.0.0",
        "npmlog": "^4.1.2"
      },
      "dependencies": {
        "@types/deep-diff": {
          "version": "1.0.0",
          "bundled": true
        },
        "@types/npmlog": {
          "version": "4.1.2",
          "bundled": true
        },
        "ansi-regex": {
          "version": "2.1.1",
          "bundled": true
        },
        "aproba": {
          "version": "1.2.0",
          "bundled": true
        },
        "are-we-there-yet": {
          "version": "1.1.5",
          "bundled": true,
          "requires": {
            "delegates": "^1.0.0",
            "readable-stream": "^2.0.6"
          }
        },
        "code-point-at": {
          "version": "1.1.0",
          "bundled": true
        },
        "console-control-strings": {
          "version": "1.1.0",
          "bundled": true
        },
        "core-util-is": {
          "version": "1.0.2",
          "bundled": true
        },
        "deep-diff": {
          "version": "1.0.2",
          "bundled": true
        },
        "deepmerge": {
          "version": "4.2.2",
          "bundled": true
        },
        "delegates": {
          "version": "1.0.0",
          "bundled": true
        },
        "gauge": {
          "version": "2.7.4",
          "bundled": true,
          "requires": {
            "aproba": "^1.0.3",
            "console-control-strings": "^1.0.0",
            "has-unicode": "^2.0.0",
            "object-assign": "^4.1.0",
            "signal-exit": "^3.0.0",
            "string-width": "^1.0.1",
            "strip-ansi": "^3.0.1",
            "wide-align": "^1.1.0"
          }
        },
        "has-unicode": {
          "version": "2.0.1",
          "bundled": true
        },
        "inherits": {
          "version": "2.0.4",
          "bundled": true
        },
        "is-fullwidth-code-point": {
          "version": "1.0.0",
          "bundled": true,
          "requires": {
            "number-is-nan": "^1.0.0"
          }
        },
        "isarray": {
          "version": "1.0.0",
          "bundled": true
        },
        "npmlog": {
          "version": "4.1.2",
          "bundled": true,
          "requires": {
            "are-we-there-yet": "~1.1.2",
            "console-control-strings": "~1.1.0",
            "gauge": "~2.7.3",
            "set-blocking": "~2.0.0"
          }
        },
        "number-is-nan": {
          "version": "1.0.1",
          "bundled": true
        },
        "object-assign": {
          "version": "4.1.1",
          "bundled": true
        },
        "process-nextick-args": {
          "version": "2.0.1",
          "bundled": true
        },
        "readable-stream": {
          "version": "2.3.7",
          "bundled": true,
          "requires": {
            "core-util-is": "~1.0.0",
            "inherits": "~2.0.3",
            "isarray": "~1.0.0",
            "process-nextick-args": "~2.0.0",
            "safe-buffer": "~5.1.1",
            "string_decoder": "~1.1.1",
            "util-deprecate": "~1.0.1"
          }
        },
        "safe-buffer": {
          "version": "5.1.2",
          "bundled": true
        },
        "set-blocking": {
          "version": "2.0.0",
          "bundled": true
        },
        "signal-exit": {
          "version": "3.0.3",
          "bundled": true
        },
        "string-width": {
          "version": "1.0.2",
          "bundled": true,
          "requires": {
            "code-point-at": "^1.0.0",
            "is-fullwidth-code-point": "^1.0.0",
            "strip-ansi": "^3.0.0"
          }
        },
        "string_decoder": {
          "version": "1.1.1",
          "bundled": true,
          "requires": {
            "safe-buffer": "~5.1.0"
          }
        },
        "strip-ansi": {
          "version": "3.0.1",
          "bundled": true,
          "requires": {
            "ansi-regex": "^2.0.0"
          }
        },
        "util-deprecate": {
          "version": "1.0.2",
          "bundled": true
        },
        "wide-align": {
          "version": "1.1.3",
          "bundled": true,
          "requires": {
            "string-width": "^1.0.2 || 2"
          },
          "dependencies": {
            "ansi-regex": {
              "version": "3.0.0",
              "bundled": true
            },
            "is-fullwidth-code-point": {
              "version": "2.0.0",
              "bundled": true
            },
            "string-width": {
              "version": "2.1.1",
              "bundled": true,
              "requires": {
                "is-fullwidth-code-point": "^2.0.0",
                "strip-ansi": "^4.0.0"
              }
            },
            "strip-ansi": {
              "version": "4.0.0",
              "bundled": true,
              "requires": {
                "ansi-regex": "^3.0.0"
              }
            }
          }
        }
      }
    },
    "@types/node": {
      "version": "10.17.26",
      "resolved": "https://registry.npmjs.org/@types/node/-/node-10.17.26.tgz",
      "integrity": "sha512-myMwkO2Cr82kirHY8uknNRHEVtn0wV3DTQfkrjx17jmkstDRZ24gNUdl8AHXVyVclTYI/bNjgTPTAWvWLqXqkw==",
      "dev": true
    },
    "aws-sdk": {
      "version": "2.709.0",
      "resolved": "https://registry.npmjs.org/aws-sdk/-/aws-sdk-2.709.0.tgz",
      "integrity": "sha512-F3sKXsCiutj9RglVXdqb/XJ3Ko3G+pX081Nf1YjVJpLydwE2v16FGxrLqE5pqyWMDeUf5nZHnBoMuOYD8ip+Kw==",
      "requires": {
        "buffer": "4.9.2",
        "events": "1.1.1",
        "ieee754": "1.1.13",
        "jmespath": "0.15.0",
        "querystring": "0.2.0",
        "sax": "1.2.1",
        "url": "0.10.3",
        "uuid": "3.3.2",
        "xml2js": "0.4.19"
      }
    },
    "base64-js": {
      "version": "1.3.1",
      "resolved": "https://registry.npmjs.org/base64-js/-/base64-js-1.3.1.tgz",
      "integrity": "sha512-mLQ4i2QO1ytvGWFWmcngKO//JXAQueZvwEKtjgQFM4jIK0kU+ytMfplL8j+n5mspOfjHwoAg+9yhb7BwAHm36g=="
    },
    "buffer": {
      "version": "4.9.2",
      "resolved": "https://registry.npmjs.org/buffer/-/buffer-4.9.2.tgz",
      "integrity": "sha512-xq+q3SRMOxGivLhBNaUdC64hDTQwejJ+H0T/NB1XMtTVEwNTrfFF3gAxiyW0Bu/xWEGhjVKgUcMhCrUy2+uCWg==",
      "requires": {
        "base64-js": "^1.0.2",
        "ieee754": "^1.1.4",
        "isarray": "^1.0.0"
      }
    },
    "constructs": {
      "version": "3.0.4",
      "resolved": "https://registry.npmjs.org/constructs/-/constructs-3.0.4.tgz",
      "integrity": "sha512-CDvg7gMjphE3DFX4pzkF6j73NREbR8npPFW8Mx/CLRnMR035+Y1o1HrXIsNSss/dq3ZUnNTU9jKyd3fL9EOlfw=="
    },
    "events": {
      "version": "1.1.1",
      "resolved": "https://registry.npmjs.org/events/-/events-1.1.1.tgz",
      "integrity": "sha1-nr23Y1rQmccNzEwqH1AEKI6L2SQ="
    },
    "ieee754": {
      "version": "1.1.13",
      "resolved": "https://registry.npmjs.org/ieee754/-/ieee754-1.1.13.tgz",
      "integrity": "sha512-4vf7I2LYV/HaWerSo3XmlMkp5eZ83i+/CDluXi/IGTs/O1sejBNhTtnxzmRZfvOUqj7lZjqHkeTvpgSFDlWZTg=="
    },
    "isarray": {
      "version": "1.0.0",
      "resolved": "https://registry.npmjs.org/isarray/-/isarray-1.0.0.tgz",
      "integrity": "sha1-u5NdSFgsuhaMBoNJV6VKPgcSTxE="
    },
    "jmespath": {
      "version": "0.15.0",
      "resolved": "https://registry.npmjs.org/jmespath/-/jmespath-0.15.0.tgz",
      "integrity": "sha1-o/Iiqarp+Wb10nx5ZRDigJF2Qhc="
    },
    "punycode": {
      "version": "1.3.2",
      "resolved": "https://registry.npmjs.org/punycode/-/punycode-1.3.2.tgz",
      "integrity": "sha1-llOgNvt8HuQjQvIyXM7v6jkmxI0="
    },
    "querystring": {
      "version": "0.2.0",
      "resolved": "https://registry.npmjs.org/querystring/-/querystring-0.2.0.tgz",
      "integrity": "sha1-sgmEkgO7Jd+CDadW50cAWHhSFiA="
    },
    "sax": {
      "version": "1.2.1",
      "resolved": "https://registry.npmjs.org/sax/-/sax-1.2.1.tgz",
      "integrity": "sha1-e45lYZCyKOgaZq6nSEgNgozS03o="
    },
    "typescript": {
      "version": "3.7.5",
      "resolved": "https://registry.npmjs.org/typescript/-/typescript-3.7.5.tgz",
      "integrity": "sha512-/P5lkRXkWHNAbcJIiHPfRoKqyd7bsyCma1hZNUGfn20qm64T6ZBlrzprymeu918H+mB/0rIg2gGK/BXkhhYgBw==",
      "dev": true
    },
    "url": {
      "version": "0.10.3",
      "resolved": "https://registry.npmjs.org/url/-/url-0.10.3.tgz",
      "integrity": "sha1-Ah5NnHcF8hu/N9A861h2dAJ3TGQ=",
      "requires": {
        "punycode": "1.3.2",
        "querystring": "0.2.0"
      }
    },
    "uuid": {
      "version": "3.3.2",
      "resolved": "https://registry.npmjs.org/uuid/-/uuid-3.3.2.tgz",
      "integrity": "sha512-yXJmeNaw3DnnKAOKJE51sL/ZaYfWJRl1pK9dr19YFCu0ObS231AB1/LbqTKRAQ5kw8A90rA6fr4riOUpTZvQZA=="
    },
    "xml2js": {
      "version": "0.4.19",
      "resolved": "https://registry.npmjs.org/xml2js/-/xml2js-0.4.19.tgz",
      "integrity": "sha512-esZnJZJOiJR9wWKMyuvSE1y6Dq5LCuJanqhxslH2bxM6duahNZ+HMpCLhBQGZkbX6xRf8x1Y2eJlgt2q3qo49Q==",
      "requires": {
        "sax": ">=0.6.0",
        "xmlbuilder": "~9.0.1"
      }
    },
    "xmlbuilder": {
      "version": "9.0.7",
      "resolved": "https://registry.npmjs.org/xmlbuilder/-/xmlbuilder-9.0.7.tgz",
      "integrity": "sha1-Ey7mPS7FVlxVfiD0wi35rKaGsQ0="
    }
  }
}
